PODS:
  - datadog_flutter_plugin (0.0.1):
    - DatadogCore (~> 2)
    - DatadogCrashReporting (~> 2)
    - DatadogInternal (~> 2)
    - DatadogLogs (~> 2)
    - DatadogRUM (~> 2)
    - DictionaryCoder (= 1.0.8)
    - Flutter
  - datadog_session_replay (0.0.1):
    - DatadogInternal (~> 2)
    - Flutter
  - DatadogCore (2.23.0):
    - DatadogInternal (= 2.23.0)
  - DatadogCrashReporting (2.23.0):
    - DatadogInternal (= 2.23.0)
    - PLCrashReporter (~> 1.11.2)
  - DatadogInternal (2.23.0)
  - DatadogLogs (2.23.0):
    - DatadogInternal (= 2.23.0)
  - DatadogRUM (2.23.0):
    - DatadogInternal (= 2.23.0)
  - DictionaryCoder (1.0.8)
  - Flutter (1.0.0)
  - integration_test (0.0.1):
    - Flutter
  - PLCrashReporter (1.11.2)

DEPENDENCIES:
  - datadog_flutter_plugin (from `.symlinks/plugins/datadog_flutter_plugin/ios`)
  - datadog_session_replay (from `.symlinks/plugins/datadog_session_replay/ios`)
  - Flutter (from `Flutter`)
  - integration_test (from `.symlinks/plugins/integration_test/ios`)

SPEC REPOS:
  trunk:
    - DatadogCore
    - DatadogCrashReporting
    - DatadogInternal
    - DatadogLogs
    - DatadogRUM
    - DictionaryCoder
    - PLCrashReporter

EXTERNAL SOURCES:
  datadog_flutter_plugin:
    :path: ".symlinks/plugins/datadog_flutter_plugin/ios"
  datadog_session_replay:
    :path: ".symlinks/plugins/datadog_session_replay/ios"
  Flutter:
    :path: Flutter
  integration_test:
    :path: ".symlinks/plugins/integration_test/ios"

SPEC CHECKSUMS:
  datadog_flutter_plugin: de391eba42569ec1d8282aa1c49b4172603acc90
  datadog_session_replay: d7b11a41bfacc1f95e31453d90a5be3f99832d91
  DatadogCore: 689582ab49cf16bff75a19981eeb53a730801562
  DatadogCrashReporting: d2843c991e8ca14f306bb2e69bf5bc6ca20ff133
  DatadogInternal: 85ee3c82a24b4652de7d6340760e2dc335526e69
  DatadogLogs: 24716212b1f594cd1c39bf45b970ab4a4fb3ac51
  DatadogRUM: d8d1b2d21c85959bb07b05006bb6f3778dc96273
  DictionaryCoder: 5f84fff69f54cb806071538430bdafe04a89d658
  Flutter: e0871f40cf51350855a761d2e70bf5af5b9b5de7
  integration_test: 252f60fa39af5e17c3aa9899d35d908a0721b573
  PLCrashReporter: 499c53b0104f95c302d94fd723ebb03c56d9bac8

PODFILE CHECKSUM: 819463e6a0290f5a72f145ba7cde16e8b6ef0796

COCOAPODS: 1.15.2
