PODS:
  - datadog_flutter_plugin (0.0.1):
    - DatadogSDK (= 1.12.0)
    - DatadogSDKCrashReporting (= 1.12.0)
    - Flutter
  - DatadogSDK (1.12.0)
  - DatadogSDKCrashReporting (1.12.0):
    - DatadogSDK (= 1.12.0)
    - PLCrashReporter (~> 1.10.1)
  - Flutter (1.0.0)
  - integration_test (0.0.1):
    - Flutter
  - PLCrashReporter (1.10.2)

DEPENDENCIES:
  - datadog_flutter_plugin (from `.symlinks/plugins/datadog_flutter_plugin/ios`)
  - Flutter (from `Flutter`)
  - integration_test (from `.symlinks/plugins/integration_test/ios`)

SPEC REPOS:
  trunk:
    - DatadogSDK
    - DatadogSDKCrashReporting
    - PLCrashReporter

EXTERNAL SOURCES:
  datadog_flutter_plugin:
    :path: ".symlinks/plugins/datadog_flutter_plugin/ios"
  Flutter:
    :path: Flutter
  integration_test:
    :path: ".symlinks/plugins/integration_test/ios"

SPEC CHECKSUMS:
  datadog_flutter_plugin: c9ec815b884e7e5b176ed697b05bf54d2bfa68b6
  DatadogSDK: 176291d7422a1f96c8e69793a88b5b72cb0959cb
  DatadogSDKCrashReporting: 505df234595ec89966608363c0437294b4c42820
  Flutter: f04841e97a9d0b0a8025694d0796dd46242b2854
  integration_test: a1e7d09bd98eca2fc37aefd79d4f41ad37bdbbe5
  PLCrashReporter: 2a08001f8e6a30abe405ee8f13d2753cfb5d682a

PODFILE CHECKSUM: 985e5b058f26709dc81f9ae74ea2b2775bdbcefe

COCOAPODS: 1.11.3
