PODS:
  - DatadogCore (3.17.0):
    - DatadogInternal (= 3.17.0)
  - DatadogCrashReporting (3.17.0):
    - DatadogInternal (= 3.17.0)
    - KSCrash/Filters (= 2.5.1)
    - KSCrash/Recording (= 2.5.1)
  - DatadogInternal (3.17.0)
  - DatadogLogs (3.17.0):
    - DatadogInternal (= 3.17.0)
  - DatadogRUM (3.17.0):
    - DatadogInternal (= 3.17.0)
  - DatadogWebViewTracking (3.17.0):
    - DatadogInternal (= 3.17.0)
  - Flutter (1.0.0)
  - flutter_inappwebview_ios (0.0.1):
    - Flutter
    - flutter_inappwebview_ios/Core (= 0.0.1)
    - OrderedSet (~> 6.0.3)
  - flutter_inappwebview_ios/Core (0.0.1):
    - Flutter
    - OrderedSet (~> 6.0.3)
  - KSCrash/Core (2.5.1)
  - KSCrash/Filters (2.5.1):
    - KSCrash/Recording
    - KSCrash/RecordingCore
    - KSCrash/ReportingCore
  - KSCrash/Recording (2.5.1):
    - KSCrash/RecordingCore
  - KSCrash/RecordingCore (2.5.1):
    - KSCrash/Core
  - KSCrash/ReportingCore (2.5.1):
    - KSCrash/Core
  - OrderedSet (6.0.3)

DEPENDENCIES:
  - DatadogCore (from `https://github.com/DataDog/dd-sdk-ios`, branch `develop`)
  - DatadogCrashReporting (from `https://github.com/DataDog/dd-sdk-ios`, branch `develop`)
  - DatadogInternal (from `https://github.com/DataDog/dd-sdk-ios`, branch `develop`)
  - DatadogLogs (from `https://github.com/DataDog/dd-sdk-ios`, branch `develop`)
  - DatadogRUM (from `https://github.com/DataDog/dd-sdk-ios`, branch `develop`)
  - DatadogWebViewTracking (from `https://github.com/DataDog/dd-sdk-ios`, branch `develop`)
  - Flutter (from `Flutter`)
  - flutter_inappwebview_ios (from `.symlinks/plugins/flutter_inappwebview_ios/ios`)

SPEC REPOS:
  trunk:
    - KSCrash
    - OrderedSet

EXTERNAL SOURCES:
  DatadogCore:
    :branch: develop
    :git: https://github.com/DataDog/dd-sdk-ios
  DatadogCrashReporting:
    :branch: develop
    :git: https://github.com/DataDog/dd-sdk-ios
  DatadogInternal:
    :branch: develop
    :git: https://github.com/DataDog/dd-sdk-ios
  DatadogLogs:
    :branch: develop
    :git: https://github.com/DataDog/dd-sdk-ios
  DatadogRUM:
    :branch: develop
    :git: https://github.com/DataDog/dd-sdk-ios
  DatadogWebViewTracking:
    :branch: develop
    :git: https://github.com/DataDog/dd-sdk-ios
  Flutter:
    :path: Flutter
  flutter_inappwebview_ios:
    :path: ".symlinks/plugins/flutter_inappwebview_ios/ios"

CHECKOUT OPTIONS:
  DatadogCore:
    :commit: 9a8a66c3da7859437fcb3139455b51e07bd150c7
    :git: https://github.com/DataDog/dd-sdk-ios
  DatadogCrashReporting:
    :commit: 9a8a66c3da7859437fcb3139455b51e07bd150c7
    :git: https://github.com/DataDog/dd-sdk-ios
  DatadogInternal:
    :commit: 9a8a66c3da7859437fcb3139455b51e07bd150c7
    :git: https://github.com/DataDog/dd-sdk-ios
  DatadogLogs:
    :commit: 9a8a66c3da7859437fcb3139455b51e07bd150c7
    :git: https://github.com/DataDog/dd-sdk-ios
  DatadogRUM:
    :commit: 9a8a66c3da7859437fcb3139455b51e07bd150c7
    :git: https://github.com/DataDog/dd-sdk-ios
  DatadogWebViewTracking:
    :commit: 9a8a66c3da7859437fcb3139455b51e07bd150c7
    :git: https://github.com/DataDog/dd-sdk-ios

SPEC CHECKSUMS:
  DatadogCore: e2fadbba978370f56fe861ebc1e07c4d7be0449c
  DatadogCrashReporting: bc57b765956053d99862ee5f7420b91ec881f971
  DatadogInternal: 71064dddf89dd1799cc86668efab2b1ad1bc5133
  DatadogLogs: cbdf7b4da6e53474525d4c402b0298e0f9d71c68
  DatadogRUM: cbc60301bee178b2d2c46f056209e72a14d41483
  DatadogWebViewTracking: fb153779d1147ad340f9f9b771558830d98077b4
  Flutter: 71a624a5bc0c04062bf19101d501e466baf2fb47
  flutter_inappwebview_ios: 6f63631e2c62a7c350263b13fa5427aedefe81d4
  KSCrash: 8c4464fd5da7de520f2ce4a00fdf63f169a80f18
  OrderedSet: e539b66b644ff081c73a262d24ad552a69be3a94

PODFILE CHECKSUM: 8ad3f748849b6e96835db1cad9eb9a1ffd2f5d24

COCOAPODS: 1.17.0
