PODS:
  - datadog_sdk (0.0.1):
    - DatadogSDK (= 1.9.0)
    - DatadogSDKCrashReporting (= 1.9.0)
    - Flutter
  - DatadogSDK (1.9.0)
  - DatadogSDKCrashReporting (1.9.0):
    - DatadogSDK (= 1.9.0)
    - PLCrashReporter (~> 1.10.1)
  - Flutter (1.0.0)
  - PLCrashReporter (1.10.1)

DEPENDENCIES:
  - datadog_sdk (from `.symlinks/plugins/datadog_sdk/ios`)
  - Flutter (from `Flutter`)

SPEC REPOS:
  trunk:
    - DatadogSDK
    - DatadogSDKCrashReporting
    - PLCrashReporter

EXTERNAL SOURCES:
  datadog_sdk:
    :path: ".symlinks/plugins/datadog_sdk/ios"
  Flutter:
    :path: Flutter

SPEC CHECKSUMS:
  datadog_sdk: ddbc3a7a153cc1df13fd3543e265e44d79cb9667
  DatadogSDK: 8fbd60a904489d4f930173b9723d6bb381c13920
  DatadogSDKCrashReporting: 684346cb6cc9957f6e428558ef2245469910f16e
  Flutter: 50d75fe2f02b26cc09d224853bb45737f8b3214a
  PLCrashReporter: b30195e509f07299ea277d1997b3a39449d05698

PODFILE CHECKSUM: e3fae079f5ccfc2504803baa726b1bb38fec4b64

COCOAPODS: 1.11.2
