PODS:
  - DatadogCore (3.11.1):
    - DatadogInternal (= 3.11.1)
  - DatadogCrashReporting (3.11.1):
    - DatadogInternal (= 3.11.1)
    - KSCrash/Filters (= 2.5.0)
    - KSCrash/Recording (= 2.5.0)
  - DatadogInternal (3.11.1)
  - DatadogLogs (3.11.1):
    - DatadogInternal (= 3.11.1)
  - DatadogRUM (3.11.1):
    - DatadogInternal (= 3.11.1)
  - DatadogWebViewTracking (3.11.1):
    - DatadogInternal (= 3.11.1)
  - Flutter (1.0.0)
  - KSCrash/Core (2.5.0)
  - KSCrash/Filters (2.5.0):
    - KSCrash/Recording
    - KSCrash/RecordingCore
    - KSCrash/ReportingCore
  - KSCrash/Recording (2.5.0):
    - KSCrash/RecordingCore
  - KSCrash/RecordingCore (2.5.0):
    - KSCrash/Core
  - KSCrash/ReportingCore (2.5.0):
    - KSCrash/Core

DEPENDENCIES:
  - DatadogCore (from `https://github.com/DataDog/dd-sdk-ios`, branch `develop`)
  - DatadogCrashReporting (from `https://github.com/DataDog/dd-sdk-ios`, branch `develop`)
  - DatadogInternal (from `https://github.com/DataDog/dd-sdk-ios`, branch `develop`)
  - DatadogLogs (from `https://github.com/DataDog/dd-sdk-ios`, branch `develop`)
  - DatadogRUM (from `https://github.com/DataDog/dd-sdk-ios`, branch `develop`)
  - DatadogWebViewTracking (from `https://github.com/DataDog/dd-sdk-ios`, branch `develop`)
  - Flutter (from `Flutter`)

SPEC REPOS:
  trunk:
    - KSCrash

EXTERNAL SOURCES:
  DatadogCore:
    :branch: develop
    :git: https://github.com/DataDog/dd-sdk-ios
  DatadogCrashReporting:
    :branch: develop
    :git: https://github.com/DataDog/dd-sdk-ios
  DatadogInternal:
    :branch: develop
    :git: https://github.com/DataDog/dd-sdk-ios
  DatadogLogs:
    :branch: develop
    :git: https://github.com/DataDog/dd-sdk-ios
  DatadogRUM:
    :branch: develop
    :git: https://github.com/DataDog/dd-sdk-ios
  DatadogWebViewTracking:
    :branch: develop
    :git: https://github.com/DataDog/dd-sdk-ios
  Flutter:
    :path: Flutter

CHECKOUT OPTIONS:
  DatadogCore:
    :commit: d578e2f342404e52e7efdafaa2a36ad06d8e347e
    :git: https://github.com/DataDog/dd-sdk-ios
  DatadogCrashReporting:
    :commit: d578e2f342404e52e7efdafaa2a36ad06d8e347e
    :git: https://github.com/DataDog/dd-sdk-ios
  DatadogInternal:
    :commit: d578e2f342404e52e7efdafaa2a36ad06d8e347e
    :git: https://github.com/DataDog/dd-sdk-ios
  DatadogLogs:
    :commit: d578e2f342404e52e7efdafaa2a36ad06d8e347e
    :git: https://github.com/DataDog/dd-sdk-ios
  DatadogRUM:
    :commit: d578e2f342404e52e7efdafaa2a36ad06d8e347e
    :git: https://github.com/DataDog/dd-sdk-ios
  DatadogWebViewTracking:
    :commit: d578e2f342404e52e7efdafaa2a36ad06d8e347e
    :git: https://github.com/DataDog/dd-sdk-ios

SPEC CHECKSUMS:
  DatadogCore: ac5ffe0cb500e4c826fa08e63767ab3b4434c380
  DatadogCrashReporting: 699c20e4af5798a39b14c81e26c0e92293d86a36
  DatadogInternal: 4ee2f5bab0371f161c8010637fff5331f49542d7
  DatadogLogs: 9f7f10c34ea9cc4c6699f98ab2420da843f78f4b
  DatadogRUM: 14a5f96c465e85d56ec501508d728b7aea9c2980
  DatadogWebViewTracking: 99631d80d34cb30cf6be9b620dc6659f7f5bd15f
  Flutter: 71a624a5bc0c04062bf19101d501e466baf2fb47
  KSCrash: 80e1e24eaefbe5134934ae11ca8d7746586bc2ed

PODFILE CHECKSUM: 50a10b1437456108777a9a5c22b1ec267dddc566

COCOAPODS: 1.17.0
