PODS:
  - datadog_flutter_plugin (0.0.1):
    - DatadogSDK (~> 1)
    - DatadogSDKCrashReporting (~> 1)
    - DictionaryCoder (= 1.0.8)
    - Flutter
  - datadog_webview_tracking (0.0.1):
    - DatadogSDK (~> 1)
    - Flutter
    - webview_flutter_wkwebview
  - DatadogSDK (1.16.0)
  - DatadogSDKCrashReporting (1.16.0):
    - DatadogSDK (= 1.16.0)
    - PLCrashReporter (~> 1.11.0)
  - DictionaryCoder (1.0.8)
  - Flutter (1.0.0)
  - integration_test (0.0.1):
    - Flutter
  - PLCrashReporter (1.11.0)
  - webview_flutter_wkwebview (0.0.1):
    - Flutter

DEPENDENCIES:
  - datadog_flutter_plugin (from `.symlinks/plugins/datadog_flutter_plugin/ios`)
  - datadog_webview_tracking (from `.symlinks/plugins/datadog_webview_tracking/ios`)
  - DatadogSDK (from `https://github.com/DataDog/dd-sdk-ios`, branch `develop`)
  - DatadogSDKCrashReporting (from `https://github.com/DataDog/dd-sdk-ios`, branch `develop`)
  - Flutter (from `Flutter`)
  - integration_test (from `.symlinks/plugins/integration_test/ios`)
  - webview_flutter_wkwebview (from `.symlinks/plugins/webview_flutter_wkwebview/ios`)

SPEC REPOS:
  trunk:
    - DictionaryCoder
    - PLCrashReporter

EXTERNAL SOURCES:
  datadog_flutter_plugin:
    :path: ".symlinks/plugins/datadog_flutter_plugin/ios"
  datadog_webview_tracking:
    :path: ".symlinks/plugins/datadog_webview_tracking/ios"
  DatadogSDK:
    :branch: develop
    :git: https://github.com/DataDog/dd-sdk-ios
  DatadogSDKCrashReporting:
    :branch: develop
    :git: https://github.com/DataDog/dd-sdk-ios
  Flutter:
    :path: Flutter
  integration_test:
    :path: ".symlinks/plugins/integration_test/ios"
  webview_flutter_wkwebview:
    :path: ".symlinks/plugins/webview_flutter_wkwebview/ios"

CHECKOUT OPTIONS:
  DatadogSDK:
    :commit: 9c78109db42fdddf4eac90da38d52f230b244d0f
    :git: https://github.com/DataDog/dd-sdk-ios
  DatadogSDKCrashReporting:
    :commit: 9c78109db42fdddf4eac90da38d52f230b244d0f
    :git: https://github.com/DataDog/dd-sdk-ios

SPEC CHECKSUMS:
  datadog_flutter_plugin: 286f35803b77ceb07bc1e0a383dd9fc231058473
  datadog_webview_tracking: b5e694f36f3a403043cec80bdf1cde72be7699a2
  DatadogSDK: 7d2d3240a946a5a43b71ae4fa719919d9ed7fc22
  DatadogSDKCrashReporting: 91f084ca0595a6159c263df9412b0ec7723eba44
  DictionaryCoder: 5f84fff69f54cb806071538430bdafe04a89d658
  Flutter: f04841e97a9d0b0a8025694d0796dd46242b2854
  integration_test: a1e7d09bd98eca2fc37aefd79d4f41ad37bdbbe5
  PLCrashReporter: 7a9dff14a23ba5d2e28c6160f0bb6fada5e71a8d
  webview_flutter_wkwebview: d08f59cde5e8402c345c0bdda35ac0031352dcae

PODFILE CHECKSUM: 91b8fa7823a71ba0df7bcf3e0fcef9ad79dc7e9e

COCOAPODS: 1.11.3
