PODS:
  - datadog_flutter_plugin (0.0.1):
    - DatadogCore (~> 2)
    - DatadogCrashReporting (~> 2)
    - DatadogInternal (~> 2)
    - DatadogLogs (~> 2)
    - DatadogRUM (~> 2)
    - DictionaryCoder (= 1.0.8)
    - Flutter
  - datadog_webview_tracking (0.0.1):
    - DatadogWebViewTracking (~> 2)
    - Flutter
    - webview_flutter_wkwebview
  - DatadogCore (2.2.1):
    - DatadogInternal (= 2.2.1)
  - DatadogCrashReporting (2.2.1):
    - DatadogInternal (= 2.2.1)
    - PLCrashReporter (~> 1.11.1)
  - DatadogInternal (2.2.1)
  - DatadogLogs (2.2.1):
    - DatadogInternal (= 2.2.1)
  - DatadogRUM (2.2.1):
    - DatadogInternal (= 2.2.1)
  - DatadogWebViewTracking (2.2.1):
    - DatadogInternal (= 2.2.1)
  - DictionaryCoder (1.0.8)
  - Flutter (1.0.0)
  - integration_test (0.0.1):
    - Flutter
  - PLCrashReporter (1.11.1)
  - webview_flutter_wkwebview (0.0.1):
    - Flutter

DEPENDENCIES:
  - datadog_flutter_plugin (from `.symlinks/plugins/datadog_flutter_plugin/ios`)
  - datadog_webview_tracking (from `.symlinks/plugins/datadog_webview_tracking/ios`)
  - DatadogCore (from `https://github.com/DataDog/dd-sdk-ios`, branch `develop`)
  - DatadogInternal (from `https://github.com/DataDog/dd-sdk-ios`, branch `develop`)
  - DatadogLogs (from `https://github.com/DataDog/dd-sdk-ios`, branch `develop`)
  - DatadogRUM (from `https://github.com/DataDog/dd-sdk-ios`, branch `develop`)
  - DatadogWebViewTracking (from `https://github.com/DataDog/dd-sdk-ios`, branch `develop`)
  - Flutter (from `Flutter`)
  - integration_test (from `.symlinks/plugins/integration_test/ios`)
  - webview_flutter_wkwebview (from `.symlinks/plugins/webview_flutter_wkwebview/ios`)

SPEC REPOS:
  trunk:
    - DatadogCrashReporting
    - DictionaryCoder
    - PLCrashReporter

EXTERNAL SOURCES:
  datadog_flutter_plugin:
    :path: ".symlinks/plugins/datadog_flutter_plugin/ios"
  datadog_webview_tracking:
    :path: ".symlinks/plugins/datadog_webview_tracking/ios"
  DatadogCore:
    :branch: develop
    :git: https://github.com/DataDog/dd-sdk-ios
  DatadogInternal:
    :branch: develop
    :git: https://github.com/DataDog/dd-sdk-ios
  DatadogLogs:
    :branch: develop
    :git: https://github.com/DataDog/dd-sdk-ios
  DatadogRUM:
    :branch: develop
    :git: https://github.com/DataDog/dd-sdk-ios
  DatadogWebViewTracking:
    :branch: develop
    :git: https://github.com/DataDog/dd-sdk-ios
  Flutter:
    :path: Flutter
  integration_test:
    :path: ".symlinks/plugins/integration_test/ios"
  webview_flutter_wkwebview:
    :path: ".symlinks/plugins/webview_flutter_wkwebview/ios"

CHECKOUT OPTIONS:
  DatadogCore:
    :commit: 309505ccf4e94565790072970bc9bc74f05ac7e7
    :git: https://github.com/DataDog/dd-sdk-ios
  DatadogInternal:
    :commit: 7eb4208fbd96074db5078473e9332da633e173eb
    :git: https://github.com/DataDog/dd-sdk-ios
  DatadogLogs:
    :commit: 309505ccf4e94565790072970bc9bc74f05ac7e7
    :git: https://github.com/DataDog/dd-sdk-ios
  DatadogRUM:
    :commit: 309505ccf4e94565790072970bc9bc74f05ac7e7
    :git: https://github.com/DataDog/dd-sdk-ios
  DatadogWebViewTracking:
    :commit: 309505ccf4e94565790072970bc9bc74f05ac7e7
    :git: https://github.com/DataDog/dd-sdk-ios

SPEC CHECKSUMS:
  datadog_flutter_plugin: 89d7088ec5cc78c0ff2c24dbe7b7e67e6800a10b
  datadog_webview_tracking: d46b58a9109c0d29e4d6ffdd4223cb23e4f328a9
  DatadogCore: 12218dd1bed5db394c5e26ec59dd793413ae55b9
  DatadogCrashReporting: d094c1eb1ecce59dbb6b1062b2e524dfa6579fc9
  DatadogInternal: bfa2b823bd47511425d696d36a1bc77c4d06b2f4
  DatadogLogs: a0eafa7bd2103511eac07bcd2ff95c851123e29b
  DatadogRUM: 1e027ccfe4ba1eb81a185f3c58e0909bb12811be
  DatadogWebViewTracking: 9ca93299a2c900c68ba080f6e800fae1fa3c6b61
  DictionaryCoder: 5f84fff69f54cb806071538430bdafe04a89d658
  Flutter: f04841e97a9d0b0a8025694d0796dd46242b2854
  integration_test: 13825b8a9334a850581300559b8839134b124670
  PLCrashReporter: 5d2d3967afe0efad61b3048d617e2199a5d1b787
  webview_flutter_wkwebview: 2e2d318f21a5e036e2c3f26171342e95908bd60a

PODFILE CHECKSUM: 65a813efdafe5000c7f373ccc7067775edfbac1c

COCOAPODS: 1.12.1
