PODS:
  - datadog_flutter_plugin (0.0.1):
    - DatadogCore (~> 3)
    - DatadogCrashReporting (~> 3)
    - DatadogInternal (~> 3)
    - DatadogLogs (~> 3)
    - DatadogRUM (~> 3)
    - DictionaryCoder (= 1.2.0)
    - Flutter
  - datadog_session_replay (0.0.1):
    - DatadogCore (~> 3)
    - Flutter
  - DatadogCore (3.16.0):
    - DatadogInternal (= 3.16.0)
  - DatadogCrashReporting (3.16.0):
    - DatadogInternal (= 3.16.0)
    - KSCrash/Filters (= 2.5.1)
    - KSCrash/Recording (= 2.5.1)
  - DatadogInternal (3.16.0)
  - DatadogLogs (3.16.0):
    - DatadogInternal (= 3.16.0)
  - DatadogRUM (3.16.0):
    - DatadogInternal (= 3.16.0)
  - DictionaryCoder (1.2.0)
  - Flutter (1.0.0)
  - KSCrash/Core (2.5.1)
  - KSCrash/Filters (2.5.1):
    - KSCrash/Recording
    - KSCrash/RecordingCore
    - KSCrash/ReportingCore
  - KSCrash/Recording (2.5.1):
    - KSCrash/RecordingCore
  - KSCrash/RecordingCore (2.5.1):
    - KSCrash/Core
  - KSCrash/ReportingCore (2.5.1):
    - KSCrash/Core
  - objective_c (0.0.1):
    - Flutter

DEPENDENCIES:
  - datadog_flutter_plugin (from `.symlinks/plugins/datadog_flutter_plugin/ios`)
  - datadog_session_replay (from `.symlinks/plugins/datadog_session_replay/ios`)
  - Flutter (from `Flutter`)
  - objective_c (from `.symlinks/plugins/objective_c/ios`)

SPEC REPOS:
  trunk:
    - DatadogCore
    - DatadogCrashReporting
    - DatadogInternal
    - DatadogLogs
    - DatadogRUM
    - DictionaryCoder
    - KSCrash

EXTERNAL SOURCES:
  datadog_flutter_plugin:
    :path: ".symlinks/plugins/datadog_flutter_plugin/ios"
  datadog_session_replay:
    :path: ".symlinks/plugins/datadog_session_replay/ios"
  Flutter:
    :path: Flutter
  objective_c:
    :path: ".symlinks/plugins/objective_c/ios"

SPEC CHECKSUMS:
  datadog_flutter_plugin: 64adc7ef089a1328c78fd4fab24e49afa09d95a5
  datadog_session_replay: 8e4f4a520f20feb2916c623c011a53ba63f8d77f
  DatadogCore: 7eed8fbaaa1575503c389f343c230858343c8baf
  DatadogCrashReporting: 04f3c3a5bfd9921aef4d44b4ab80accb39c84ddb
  DatadogInternal: e5a4652ee266986e29c6b8491aff7f78dc3b731d
  DatadogLogs: 52792add5827042f619771a23656e2bfb6b0f4e7
  DatadogRUM: b78d608e013f39c5679ed31ad97dad323c6113e8
  DictionaryCoder: f7115fcd074c8301e91f2eb862da1ea7d0385e61
  Flutter: cabc95a1d2626b1b06e7179b784ebcf0c0cde467
  KSCrash: 8c4464fd5da7de520f2ce4a00fdf63f169a80f18
  objective_c: 77e887b5ba1827970907e10e832eec1683f3431d

PODFILE CHECKSUM: 3c63482e143d1b91d2d2560aee9fb04ecc74ac7e

COCOAPODS: 1.16.2
