PODS:
  - datadog_flutter_plugin (0.0.1):
    - DatadogCore (~> 2)
    - DatadogCrashReporting (~> 2)
    - DatadogInternal (~> 2)
    - DatadogLogs (~> 2)
    - DatadogRUM (~> 2)
    - DictionaryCoder (= 1.0.8)
    - Flutter
  - DatadogCore (2.5.0):
    - DatadogInternal (= 2.5.0)
  - DatadogCrashReporting (2.5.0):
    - DatadogInternal (= 2.5.0)
    - PLCrashReporter (~> 1.11.1)
  - DatadogInternal (2.5.0)
  - DatadogLogs (2.5.0):
    - DatadogInternal (= 2.5.0)
  - DatadogRUM (2.5.0):
    - DatadogInternal (= 2.5.0)
  - DictionaryCoder (1.0.8)
  - Flutter (1.0.0)
  - integration_test (0.0.1):
    - Flutter
  - PLCrashReporter (1.11.1)

DEPENDENCIES:
  - datadog_flutter_plugin (from `.symlinks/plugins/datadog_flutter_plugin/ios`)
  - DatadogCore (from `https://github.com/DataDog/dd-sdk-ios`, branch `develop`)
  - DatadogCrashReporting (from `https://github.com/DataDog/dd-sdk-ios`, branch `develop`)
  - DatadogInternal (from `https://github.com/DataDog/dd-sdk-ios`, branch `develop`)
  - DatadogLogs (from `https://github.com/DataDog/dd-sdk-ios`, branch `develop`)
  - DatadogRUM (from `https://github.com/DataDog/dd-sdk-ios`, branch `develop`)
  - Flutter (from `Flutter`)
  - integration_test (from `.symlinks/plugins/integration_test/ios`)

SPEC REPOS:
  trunk:
    - DictionaryCoder
    - PLCrashReporter

EXTERNAL SOURCES:
  datadog_flutter_plugin:
    :path: ".symlinks/plugins/datadog_flutter_plugin/ios"
  DatadogCore:
    :branch: develop
    :git: https://github.com/DataDog/dd-sdk-ios
  DatadogCrashReporting:
    :branch: develop
    :git: https://github.com/DataDog/dd-sdk-ios
  DatadogInternal:
    :branch: develop
    :git: https://github.com/DataDog/dd-sdk-ios
  DatadogLogs:
    :branch: develop
    :git: https://github.com/DataDog/dd-sdk-ios
  DatadogRUM:
    :branch: develop
    :git: https://github.com/DataDog/dd-sdk-ios
  Flutter:
    :path: Flutter
  integration_test:
    :path: ".symlinks/plugins/integration_test/ios"

CHECKOUT OPTIONS:
  DatadogCore:
    :commit: a53e62ed1f39cf3b525eeac607d6805a24513c09
    :git: https://github.com/DataDog/dd-sdk-ios
  DatadogCrashReporting:
    :commit: a53e62ed1f39cf3b525eeac607d6805a24513c09
    :git: https://github.com/DataDog/dd-sdk-ios
  DatadogInternal:
    :commit: a53e62ed1f39cf3b525eeac607d6805a24513c09
    :git: https://github.com/DataDog/dd-sdk-ios
  DatadogLogs:
    :commit: a53e62ed1f39cf3b525eeac607d6805a24513c09
    :git: https://github.com/DataDog/dd-sdk-ios
  DatadogRUM:
    :commit: a53e62ed1f39cf3b525eeac607d6805a24513c09
    :git: https://github.com/DataDog/dd-sdk-ios

SPEC CHECKSUMS:
  datadog_flutter_plugin: 89d7088ec5cc78c0ff2c24dbe7b7e67e6800a10b
  DatadogCore: a152fbcc24ea1a6b937c9844b1c1d5b86f0a375e
  DatadogCrashReporting: 53b458152130de5505901e025e0dd031ce057f31
  DatadogInternal: 96448807156495aa41a9f177b8c849a404618948
  DatadogLogs: 2e67adf2e2cccd84b880b42f52e56cd0b8c7ef82
  DatadogRUM: d807827ad24ae6c738867e853df38c6cb2bb555b
  DictionaryCoder: 5f84fff69f54cb806071538430bdafe04a89d658
  Flutter: f04841e97a9d0b0a8025694d0796dd46242b2854
  integration_test: 13825b8a9334a850581300559b8839134b124670
  PLCrashReporter: 5d2d3967afe0efad61b3048d617e2199a5d1b787

PODFILE CHECKSUM: d68d1f8ed6795ad080bf4a1367ecb6cae1411562

COCOAPODS: 1.12.1
