PODS:
  - connectivity_plus (0.0.1):
    - Flutter
    - FlutterMacOS
  - datadog_flutter_plugin (0.0.1):
    - DatadogCore (~> 2)
    - DatadogCrashReporting (~> 2)
    - DatadogInternal (~> 2)
    - DatadogLogs (~> 2)
    - DatadogRUM (~> 2)
    - DictionaryCoder (= 1.0.8)
    - Flutter
  - datadog_webview_tracking (0.0.1):
    - DatadogWebViewTracking (~> 2)
    - Flutter
    - webview_flutter_wkwebview
  - DatadogCore (2.16.0):
    - DatadogInternal (= 2.16.0)
  - DatadogCrashReporting (2.16.0):
    - DatadogInternal (= 2.16.0)
    - PLCrashReporter (~> 1.11.2)
  - DatadogInternal (2.16.0)
  - DatadogLogs (2.16.0):
    - DatadogInternal (= 2.16.0)
  - DatadogRUM (2.16.0):
    - DatadogInternal (= 2.16.0)
  - DatadogWebViewTracking (2.16.0):
    - DatadogInternal (= 2.16.0)
  - DictionaryCoder (1.0.8)
  - Flutter (1.0.0)
  - path_provider_foundation (0.0.1):
    - Flutter
    - FlutterMacOS
  - PLCrashReporter (1.11.2)
  - webview_flutter_wkwebview (0.0.1):
    - Flutter
    - FlutterMacOS

DEPENDENCIES:
  - connectivity_plus (from `.symlinks/plugins/connectivity_plus/darwin`)
  - datadog_flutter_plugin (from `.symlinks/plugins/datadog_flutter_plugin/ios`)
  - datadog_webview_tracking (from `.symlinks/plugins/datadog_webview_tracking/ios`)
  - Flutter (from `Flutter`)
  - path_provider_foundation (from `.symlinks/plugins/path_provider_foundation/darwin`)
  - webview_flutter_wkwebview (from `.symlinks/plugins/webview_flutter_wkwebview/darwin`)

SPEC REPOS:
  trunk:
    - DatadogCore
    - DatadogCrashReporting
    - DatadogInternal
    - DatadogLogs
    - DatadogRUM
    - DatadogWebViewTracking
    - DictionaryCoder
    - PLCrashReporter

EXTERNAL SOURCES:
  connectivity_plus:
    :path: ".symlinks/plugins/connectivity_plus/darwin"
  datadog_flutter_plugin:
    :path: ".symlinks/plugins/datadog_flutter_plugin/ios"
  datadog_webview_tracking:
    :path: ".symlinks/plugins/datadog_webview_tracking/ios"
  Flutter:
    :path: Flutter
  path_provider_foundation:
    :path: ".symlinks/plugins/path_provider_foundation/darwin"
  webview_flutter_wkwebview:
    :path: ".symlinks/plugins/webview_flutter_wkwebview/darwin"

SPEC CHECKSUMS:
  connectivity_plus: ddd7f30999e1faaef5967c23d5b6d503d10434db
  datadog_flutter_plugin: de391eba42569ec1d8282aa1c49b4172603acc90
  datadog_webview_tracking: 7de2f94cb36dbb00203468d941e89ec7cbc47226
  DatadogCore: 4cf2a1fe0e60ebcb12a459328f652da6268de140
  DatadogCrashReporting: 380f559499c2d2171c40ddfbf9d4206f772fdca1
  DatadogInternal: 67742f9aac1b123f5bda9d6e3bb22ab1773fda0b
  DatadogLogs: 1278623e6235c5fff7e68d0d4914cee11d828f8d
  DatadogRUM: 4bac99a16de3c1ebebd9a1c3e6361cf1b13da83c
  DatadogWebViewTracking: a8cac9ca5d3aa3c2ace3fbe6072dfd77425deae8
  DictionaryCoder: 5f84fff69f54cb806071538430bdafe04a89d658
  Flutter: e0871f40cf51350855a761d2e70bf5af5b9b5de7
  path_provider_foundation: 2b6b4c569c0fb62ec74538f866245ac84301af46
  PLCrashReporter: 499c53b0104f95c302d94fd723ebb03c56d9bac8
  webview_flutter_wkwebview: 0982481e3d9c78fd5c6f62a002fcd24fc791f1e4

PODFILE CHECKSUM: 4e8f8b2be68aeea4c0d5beb6ff1e79fface1d048

COCOAPODS: 1.15.2
