PODS:
  - datadog_flutter_plugin (0.0.1):
    - DatadogCore (~> 2)
    - DatadogCrashReporting (~> 2)
    - DatadogInternal (~> 2)
    - DatadogLogs (~> 2)
    - DatadogRUM (~> 2)
    - DictionaryCoder (= 1.0.8)
    - Flutter
  - datadog_webview_tracking (0.0.1):
    - DatadogWebViewTracking (~> 2)
    - Flutter
    - webview_flutter_wkwebview
  - DatadogCore (2.4.0):
    - DatadogInternal (= 2.4.0)
  - DatadogCrashReporting (2.4.0):
    - DatadogInternal (= 2.4.0)
    - PLCrashReporter (~> 1.11.1)
  - DatadogInternal (2.4.0)
  - DatadogLogs (2.4.0):
    - DatadogInternal (= 2.4.0)
  - DatadogRUM (2.4.0):
    - DatadogInternal (= 2.4.0)
  - DatadogWebViewTracking (2.4.0):
    - DatadogInternal (= 2.4.0)
  - DictionaryCoder (1.0.8)
  - Flutter (1.0.0)
  - path_provider_foundation (0.0.1):
    - Flutter
    - FlutterMacOS
  - PLCrashReporter (1.11.1)
  - webview_flutter_wkwebview (0.0.1):
    - Flutter

DEPENDENCIES:
  - datadog_flutter_plugin (from `.symlinks/plugins/datadog_flutter_plugin/ios`)
  - datadog_webview_tracking (from `.symlinks/plugins/datadog_webview_tracking/ios`)
  - Flutter (from `Flutter`)
  - path_provider_foundation (from `.symlinks/plugins/path_provider_foundation/darwin`)
  - webview_flutter_wkwebview (from `.symlinks/plugins/webview_flutter_wkwebview/ios`)

SPEC REPOS:
  trunk:
    - DatadogCore
    - DatadogCrashReporting
    - DatadogInternal
    - DatadogLogs
    - DatadogRUM
    - DatadogWebViewTracking
    - DictionaryCoder
    - PLCrashReporter

EXTERNAL SOURCES:
  datadog_flutter_plugin:
    :path: ".symlinks/plugins/datadog_flutter_plugin/ios"
  datadog_webview_tracking:
    :path: ".symlinks/plugins/datadog_webview_tracking/ios"
  Flutter:
    :path: Flutter
  path_provider_foundation:
    :path: ".symlinks/plugins/path_provider_foundation/darwin"
  webview_flutter_wkwebview:
    :path: ".symlinks/plugins/webview_flutter_wkwebview/ios"

SPEC CHECKSUMS:
  datadog_flutter_plugin: 89d7088ec5cc78c0ff2c24dbe7b7e67e6800a10b
  datadog_webview_tracking: d46b58a9109c0d29e4d6ffdd4223cb23e4f328a9
  DatadogCore: 67ce2f8cd2f58cc90bdee5486d847b49e4b31b0b
  DatadogCrashReporting: 0d4bd014714946be77a1ed2d34897036892f2b7b
  DatadogInternal: 5789bca7a0284b20655ba2a79738ac7d0cd56e70
  DatadogLogs: 3b8c8778c32b780f916c2894b9d2c53bbf590803
  DatadogRUM: 4207d091be536b888719969a7ca078e2c830819a
  DatadogWebViewTracking: e7a5841f001f488fc0240d7cba1a984ab6c86e9a
  DictionaryCoder: 5f84fff69f54cb806071538430bdafe04a89d658
  Flutter: f04841e97a9d0b0a8025694d0796dd46242b2854
  path_provider_foundation: 29f094ae23ebbca9d3d0cec13889cd9060c0e943
  PLCrashReporter: 5d2d3967afe0efad61b3048d617e2199a5d1b787
  webview_flutter_wkwebview: 2e2d318f21a5e036e2c3f26171342e95908bd60a

PODFILE CHECKSUM: ef19549a9bc3046e7bb7d2fab4d021637c0c58a3

COCOAPODS: 1.12.1
