PODS:
  - connectivity_plus (0.0.1):
    - Flutter
    - FlutterMacOS
  - datadog_flutter_plugin (0.0.1):
    - DatadogCore (~> 2)
    - DatadogCrashReporting (~> 2)
    - DatadogInternal (~> 2)
    - DatadogLogs (~> 2)
    - DatadogRUM (~> 2)
    - DictionaryCoder (= 1.2.0)
    - Flutter
  - datadog_webview_tracking (0.0.1):
    - DatadogWebViewTracking (~> 2)
    - Flutter
    - webview_flutter_wkwebview
  - DatadogCore (2.30.0):
    - DatadogInternal (= 2.30.0)
  - DatadogCrashReporting (2.30.0):
    - DatadogInternal (= 2.30.0)
    - PLCrashReporter (~> 1.12.0)
  - DatadogInternal (2.30.0)
  - DatadogLogs (2.30.0):
    - DatadogInternal (= 2.30.0)
  - DatadogRUM (2.30.0):
    - DatadogInternal (= 2.30.0)
  - DatadogWebViewTracking (2.30.0):
    - DatadogInternal (= 2.30.0)
  - DictionaryCoder (1.2.0)
  - Flutter (1.0.0)
  - path_provider_foundation (0.0.1):
    - Flutter
    - FlutterMacOS
  - PLCrashReporter (1.12.0)
  - webview_flutter_wkwebview (0.0.1):
    - Flutter
    - FlutterMacOS

DEPENDENCIES:
  - connectivity_plus (from `.symlinks/plugins/connectivity_plus/darwin`)
  - datadog_flutter_plugin (from `.symlinks/plugins/datadog_flutter_plugin/ios`)
  - datadog_webview_tracking (from `.symlinks/plugins/datadog_webview_tracking/ios`)
  - Flutter (from `Flutter`)
  - path_provider_foundation (from `.symlinks/plugins/path_provider_foundation/darwin`)
  - webview_flutter_wkwebview (from `.symlinks/plugins/webview_flutter_wkwebview/darwin`)

SPEC REPOS:
  trunk:
    - DatadogCore
    - DatadogCrashReporting
    - DatadogInternal
    - DatadogLogs
    - DatadogRUM
    - DatadogWebViewTracking
    - DictionaryCoder
    - PLCrashReporter

EXTERNAL SOURCES:
  connectivity_plus:
    :path: ".symlinks/plugins/connectivity_plus/darwin"
  datadog_flutter_plugin:
    :path: ".symlinks/plugins/datadog_flutter_plugin/ios"
  datadog_webview_tracking:
    :path: ".symlinks/plugins/datadog_webview_tracking/ios"
  Flutter:
    :path: Flutter
  path_provider_foundation:
    :path: ".symlinks/plugins/path_provider_foundation/darwin"
  webview_flutter_wkwebview:
    :path: ".symlinks/plugins/webview_flutter_wkwebview/darwin"

SPEC CHECKSUMS:
  connectivity_plus: 18382e7311ba19efcaee94442b23b32507b20695
  datadog_flutter_plugin: dae31b2f0e5755d091601d8c8108fe86528085fd
  datadog_webview_tracking: c67749cb40aa011d064038dfa66fb838f8e34e8e
  DatadogCore: 5c01290a3b60b27bf49aa958f2e339c738364d9e
  DatadogCrashReporting: 11286d48ab61baeb2b41b945c7c0d4ef23db317d
  DatadogInternal: 7aeb48e254178a0c462c3953dc0a8a8d64499a93
  DatadogLogs: 4324739de62a6059e07d70bf6ceceed78764edeb
  DatadogRUM: f36949a38285f3b240a7be577d425f8518e087d4
  DatadogWebViewTracking: 78c20d8e5f1ade506f4aadaec5690c1a63283fe2
  DictionaryCoder: f7115fcd074c8301e91f2eb862da1ea7d0385e61
  Flutter: cabc95a1d2626b1b06e7179b784ebcf0c0cde467
  path_provider_foundation: 2b6b4c569c0fb62ec74538f866245ac84301af46
  PLCrashReporter: db59ef96fa3d25f3650040d02ec2798cffee75f2
  webview_flutter_wkwebview: a4af96a051138e28e29f60101d094683b9f82188

PODFILE CHECKSUM: cc1f88378b4bfcf93a6ce00d2c587857c6008d3b

COCOAPODS: 1.16.2
