PODS:
  - datadog_flutter_plugin (0.0.1):
    - DatadogSDK (= 1.10.0)
    - DatadogSDKCrashReporting (= 1.10.0)
    - Flutter
  - DatadogSDK (1.10.0)
  - DatadogSDKCrashReporting (1.10.0):
    - DatadogSDK (= 1.10.0)
    - PLCrashReporter (~> 1.10.1)
  - Flutter (1.0.0)
  - PLCrashReporter (1.10.1)

DEPENDENCIES:
  - datadog_flutter_plugin (from `.symlinks/plugins/datadog_flutter_plugin/ios`)
  - Flutter (from `Flutter`)

SPEC REPOS:
  trunk:
    - DatadogSDK
    - DatadogSDKCrashReporting
    - PLCrashReporter

EXTERNAL SOURCES:
  datadog_flutter_plugin:
    :path: ".symlinks/plugins/datadog_flutter_plugin/ios"
  Flutter:
    :path: Flutter

SPEC CHECKSUMS:
  datadog_flutter_plugin: 6d41e1913005628b386bfaacb2650692e2bbb446
  DatadogSDK: ffeb11d1b70bfae8f29c570be5d3222f96d00bc0
  DatadogSDKCrashReporting: c787553dfb899a62e2081dc322cf8acc4ffe00f4
  Flutter: 50d75fe2f02b26cc09d224853bb45737f8b3214a
  PLCrashReporter: b30195e509f07299ea277d1997b3a39449d05698

PODFILE CHECKSUM: 60af4a72633bf3e7036827fe38cf2e8b94c2db28

COCOAPODS: 1.11.2
