PODS:
  - datadog_flutter_plugin (0.0.1):
    - DatadogSDK (= 1.9.0)
    - DatadogSDKCrashReporting (= 1.9.0)
    - Flutter
  - DatadogSDK (1.9.0)
  - DatadogSDKCrashReporting (1.9.0):
    - DatadogSDK (= 1.9.0)
    - PLCrashReporter (~> 1.10.1)
  - Flutter (1.0.0)
  - PLCrashReporter (1.10.1)

DEPENDENCIES:
  - datadog_flutter_plugin (from `.symlinks/plugins/datadog_flutter_plugin/ios`)
  - Flutter (from `Flutter`)

SPEC REPOS:
  trunk:
    - DatadogSDK
    - DatadogSDKCrashReporting
    - PLCrashReporter

EXTERNAL SOURCES:
  datadog_flutter_plugin:
    :path: ".symlinks/plugins/datadog_flutter_plugin/ios"
  Flutter:
    :path: Flutter

SPEC CHECKSUMS:
  datadog_flutter_plugin: e5183a8db2ed5c2690b661e446fc2b4479e7ae70
  DatadogSDK: 8fbd60a904489d4f930173b9723d6bb381c13920
  DatadogSDKCrashReporting: 684346cb6cc9957f6e428558ef2245469910f16e
  Flutter: 50d75fe2f02b26cc09d224853bb45737f8b3214a
  PLCrashReporter: b30195e509f07299ea277d1997b3a39449d05698

PODFILE CHECKSUM: 60af4a72633bf3e7036827fe38cf2e8b94c2db28

COCOAPODS: 1.11.2
